
Microsoft Visual Studio Solution File, Format Version 12.00
# Visual Studio Version 16
VisualStudioVersion = 16.0.30406.217
MinimumVisualStudioVersion = 10.0.40219.1
Project("{FAE04EC0-301F-11D3-BF4B-00C04F79EFBC}") = "DataLayer", "DataLayer\DataLayer.csproj", "{3E1C6203-1F94-4ABF-8423-8154EA66E2B5}"
EndProject
Project("{FAE04EC0-301F-11D3-BF4B-00C04F79EFBC}") = "WindowsFormsApp", "WindowsFormsApp\WindowsFormsApp.csproj", "{DE1306DB-B0FB-45A5-9AB3-520881AF4D0C}"
EndProject
Project("{FAE04EC0-301F-11D3-BF4B-00C04F79EFBC}") = "WpfApp", "WpfApp\WpfApp.csproj", "{4ACF48CB-69D5-462C-A4C9-87107FB6823B}"
EndProject
Global
	GlobalSection(SolutionConfigurationPlatforms) = preSolution
		Debug|Any CPU = Debug|Any CPU
		Release|Any CPU = Release|Any CPU
	EndGlobalSection
	GlobalSection(ProjectConfigurationPlatforms) = postSolution
		{3E1C6203-1F94-4ABF-8423-8154EA66E2B5}.Debug|Any CPU.ActiveCfg = Debug|Any CPU
		{3E1C6203-1F94-4ABF-8423-8154EA66E2B5}.Debug|Any CPU.Build.0 = Debug|Any CPU
		{3E1C6203-1F94-4ABF-8423-8154EA66E2B5}.Release|Any CPU.ActiveCfg = Release|Any CPU
		{3E1C6203-1F94-4ABF-8423-8154EA66E2B5}.Release|Any CPU.Build.0 = Release|Any CPU
		{DE1306DB-B0FB-45A5-9AB3-520881AF4D0C}.Debug|Any CPU.ActiveCfg = Debug|Any CPU
		{DE1306DB-B0FB-45A5-9AB3-520881AF4D0C}.Debug|Any CPU.Build.0 = Debug|Any CPU
		{DE1306DB-B0FB-45A5-9AB3-520881AF4D0C}.Release|Any CPU.ActiveCfg = Release|Any CPU
		{DE1306DB-B0FB-45A5-9AB3-520881AF4D0C}.Release|Any CPU.Build.0 = Release|Any CPU
		{4ACF48CB-69D5-462C-A4C9-87107FB6823B}.Debug|Any CPU.ActiveCfg = Debug|Any CPU
		{4ACF48CB-69D5-462C-A4C9-87107FB6823B}.Debug|Any CPU.Build.0 = Debug|Any CPU
		{4ACF48CB-69D5-462C-A4C9-87107FB6823B}.Release|Any CPU.ActiveCfg = Release|Any CPU
		{4ACF48CB-69D5-462C-A4C9-87107FB6823B}.Release|Any CPU.Build.0 = Release|Any CPU
	EndGlobalSection
	GlobalSection(SolutionProperties) = preSolution
		HideSolutionNode = FALSE
	EndGlobalSection
	GlobalSection(ExtensibilityGlobals) = postSolution
		SolutionGuid = {DFB34628-67F4-4DE4-B58B-2FD4C8FF9126}
	EndGlobalSection
EndGlobal
